
Microsoft Visual Studio Solution File, Format Version 12.00
# Visual Studio Version 17
VisualStudioVersion = 17.5.33424.131
MinimumVisualStudioVersion = 10.0.40219.1
Project("{9A19103F-16F7-4668-BE54-9A1E7A4F7556}") = "SistemaElecciones", "SistemaElecciones\SistemaElecciones.csproj", "{EBE14829-483F-4FA0-B99D-46E535AD48FD}"
EndProject
Global
	GlobalSection(SolutionConfigurationPlatforms) = preSolution
		Debug|Any CPU = Debug|Any CPU
		Release|Any CPU = Release|Any CPU
	EndGlobalSection
	GlobalSection(ProjectConfigurationPlatforms) = postSolution
		{EBE14829-483F-4FA0-B99D-46E535AD48FD}.Debug|Any CPU.ActiveCfg = Debug|Any CPU
		{EBE14829-483F-4FA0-B99D-46E535AD48FD}.Debug|Any CPU.Build.0 = Debug|Any CPU
		{EBE14829-483F-4FA0-B99D-46E535AD48FD}.Release|Any CPU.ActiveCfg = Release|Any CPU
		{EBE14829-483F-4FA0-B99D-46E535AD48FD}.Release|Any CPU.Build.0 = Release|Any CPU
	EndGlobalSection
	GlobalSection(SolutionProperties) = preSolution
		HideSolutionNode = FALSE
	EndGlobalSection
	GlobalSection(ExtensibilityGlobals) = postSolution
		SolutionGuid = {2EA85EBC-424F-4C29-8C0B-653277116334}
	EndGlobalSection
EndGlobal
